
Microsoft Visual Studio Solution File, Format Version 12.00
# Visual Studio 2012
Project("{FAE04EC0-301F-11D3-BF4B-00C04F79EFBC}") = "EcommerceDemoQA", "EcommerceDemoQA\EcommerceDemoQA.csproj", "{09389240-5539-46E1-B0A8-139092E2C95F}"
EndProject
Global
	GlobalSection(SolutionConfigurationPlatforms) = preSolution
		Debug|Any CPU = Debug|Any CPU
		Release|Any CPU = Release|Any CPU
	EndGlobalSection
	GlobalSection(ProjectConfigurationPlatforms) = postSolution
		{09389240-5539-46E1-B0A8-139092E2C95F}.Debug|Any CPU.ActiveCfg = Debug|Any CPU
		{09389240-5539-46E1-B0A8-139092E2C95F}.Debug|Any CPU.Build.0 = Debug|Any CPU
		{09389240-5539-46E1-B0A8-139092E2C95F}.Release|Any CPU.ActiveCfg = Release|Any CPU
		{09389240-5539-46E1-B0A8-139092E2C95F}.Release|Any CPU.Build.0 = Release|Any CPU
	EndGlobalSection
	GlobalSection(SolutionProperties) = preSolution
		HideSolutionNode = FALSE
	EndGlobalSection
EndGlobal
